// !$*UTF8*$!
{
	archiveVersion = 1;
	classes = {
	};
	objectVersion = 55;
	objects = {

/* Begin PBXBuildFile section */
		66D2C1ADD348CD6EA8DB9C81 /* Pods_NewRxPokeProject_NewRxPokeProjectUITests.framework in Frameworks */ = {isa = PBXBuildFile; fileRef = 22F52ED63171A1DF342BADFC /* Pods_NewRxPokeProject_NewRxPokeProjectUITests.framework */; };
		7A3EE518CF47D2A0E623A8E4 /* Pods_NewRxPokeProject.framework in Frameworks */ = {isa = PBXBuildFile; fileRef = C312F3565DC7416B090029FF /* Pods_NewRxPokeProject.framework */; };
		CB42A341293C6888004E439D /* AppDelegate.swift in Sources */ = {isa = PBXBuildFile; fileRef = CB42A340293C6888004E439D /* AppDelegate.swift */; };
		CB42A343293C6888004E439D /* SceneDelegate.swift in Sources */ = {isa = PBXBuildFile; fileRef = CB42A342293C6888004E439D /* SceneDelegate.swift */; };
		CB42A345293C6888004E439D /* MapViewController.swift in Sources */ = {isa = PBXBuildFile; fileRef = CB42A344293C6888004E439D /* MapViewController.swift */; };
		CB42A348293C6888004E439D /* Main.storyboard in Resources */ = {isa = PBXBuildFile; fileRef = CB42A346293C6888004E439D /* Main.storyboard */; };
		CB42A34A293C688A004E439D /* Assets.xcassets in Resources */ = {isa = PBXBuildFile; fileRef = CB42A349293C688A004E439D /* Assets.xcassets */; };
		CB42A34D293C688A004E439D /* LaunchScreen.storyboard in Resources */ = {isa = PBXBuildFile; fileRef = CB42A34B293C688A004E439D /* LaunchScreen.storyboard */; };
		CB42A358293C688A004E439D /* NewRxPokeProjectTests.swift in Sources */ = {isa = PBXBuildFile; fileRef = CB42A357293C688A004E439D /* NewRxPokeProjectTests.swift */; };
		CB42A362293C688A004E439D /* NewRxPokeProjectUITests.swift in Sources */ = {isa = PBXBuildFile; fileRef = CB42A361293C688A004E439D /* NewRxPokeProjectUITests.swift */; };
		CB42A364293C688A004E439D /* NewRxPokeProjectUITestsLaunchTests.swift in Sources */ = {isa = PBXBuildFile; fileRef = CB42A363293C688A004E439D /* NewRxPokeProjectUITestsLaunchTests.swift */; };
		CB42A373293C6974004E439D /* TotalHabitat.swift in Sources */ = {isa = PBXBuildFile; fileRef = CB42A372293C6974004E439D /* TotalHabitat.swift */; };
		CBA9CCD52945A6F20013654C /* PokeHabitat.swift in Sources */ = {isa = PBXBuildFile; fileRef = CBA9CCD42945A6F20013654C /* PokeHabitat.swift */; };
		CBA9CCD72945B3A50013654C /* PokeSpecies.swift in Sources */ = {isa = PBXBuildFile; fileRef = CBA9CCD62945B3A50013654C /* PokeSpecies.swift */; };
		CBA9CCD92945BF030013654C /* FieldViewController.swift in Sources */ = {isa = PBXBuildFile; fileRef = CBA9CCD82945BF030013654C /* FieldViewController.swift */; };
		CBA9CCDD2945BF940013654C /* NetworkError.swift in Sources */ = {isa = PBXBuildFile; fileRef = CBA9CCDC2945BF940013654C /* NetworkError.swift */; };
		CBA9CCDF2945C2CE0013654C /* NetworkAgent.swift in Sources */ = {isa = PBXBuildFile; fileRef = CBA9CCDE2945C2CE0013654C /* NetworkAgent.swift */; };
		CBA9CCE12945C77F0013654C /* Pokemon.swift in Sources */ = {isa = PBXBuildFile; fileRef = CBA9CCE02945C77F0013654C /* Pokemon.swift */; };
		CDDD0D67B08913C829435705 /* Pods_NewRxPokeProjectTests.framework in Frameworks */ = {isa = PBXBuildFile; fileRef = 6754FE019768067BB0260FAB /* Pods_NewRxPokeProjectTests.framework */; };
/* End PBXBuildFile section */

/* Begin PBXContainerItemProxy section */
		CB42A354293C688A004E439D /* PBXContainerItemProxy */ = {
			isa = PBXContainerItemProxy;
			containerPortal = CB42A335293C6888004E439D /* Project object */;
			proxyType = 1;
			remoteGlobalIDString = CB42A33C293C6888004E439D;
			remoteInfo = NewRxPokeProject;
		};
		CB42A35E293C688A004E439D /* PBXContainerItemProxy */ = {
			isa = PBXContainerItemProxy;
			containerPortal = CB42A335293C6888004E439D /* Project object */;
			proxyType = 1;
			remoteGlobalIDString = CB42A33C293C6888004E439D;
			remoteInfo = NewRxPokeProject;
		};
/* End PBXContainerItemProxy section */

/* Begin PBXFileReference section */
		22F52ED63171A1DF342BADFC /* Pods_NewRxPokeProject_NewRxPokeProjectUITests.framework */ = {isa = PBXFileReference; explicitFileType = wrapper.framework; includeInIndex = 0; path = Pods_NewRxPokeProject_NewRxPokeProjectUITests.framework; sourceTree = BUILT_PRODUCTS_DIR; };
		3E6EAEBE57642FF36E1ADDA4 /* Pods-NewRxPokeProjectTests.release.xcconfig */ = {isa = PBXFileReference; includeInIndex = 1; lastKnownFileType = text.xcconfig; name = "Pods-NewRxPokeProjectTests.release.xcconfig"; path = "Target Support Files/Pods-NewRxPokeProjectTests/Pods-NewRxPokeProjectTests.release.xcconfig"; sourceTree = "<group>"; };
		4EC3DA692B0123A6D5E8C997 /* Pods-NewRxPokeProject-NewRxPokeProjectUITests.release.xcconfig */ = {isa = PBXFileReference; includeInIndex = 1; lastKnownFileType = text.xcconfig; name = "Pods-NewRxPokeProject-NewRxPokeProjectUITests.release.xcconfig"; path = "Target Support Files/Pods-NewRxPokeProject-NewRxPokeProjectUITests/Pods-NewRxPokeProject-NewRxPokeProjectUITests.release.xcconfig"; sourceTree = "<group>"; };
		50587A5E214545DFD102CFF8 /* Pods-NewRxPokeProject.release.xcconfig */ = {isa = PBXFileReference; includeInIndex = 1; lastKnownFileType = text.xcconfig; name = "Pods-NewRxPokeProject.release.xcconfig"; path = "Target Support Files/Pods-NewRxPokeProject/Pods-NewRxPokeProject.release.xcconfig"; sourceTree = "<group>"; };
		645031AC548ED192BC558197 /* Pods-NewRxPokeProjectTests.debug.xcconfig */ = {isa = PBXFileReference; includeInIndex = 1; lastKnownFileType = text.xcconfig; name = "Pods-NewRxPokeProjectTests.debug.xcconfig"; path = "Target Support Files/Pods-NewRxPokeProjectTests/Pods-NewRxPokeProjectTests.debug.xcconfig"; sourceTree = "<group>"; };
		6754FE019768067BB0260FAB /* Pods_NewRxPokeProjectTests.framework */ = {isa = PBXFileReference; explicitFileType = wrapper.framework; includeInIndex = 0; path = Pods_NewRxPokeProjectTests.framework; sourceTree = BUILT_PRODUCTS_DIR; };
		87A5C653CE5E068C30CAD48E /* Pods-NewRxPokeProject-NewRxPokeProjectUITests.debug.xcconfig */ = {isa = PBXFileReference; includeInIndex = 1; lastKnownFileType = text.xcconfig; name = "Pods-NewRxPokeProject-NewRxPokeProjectUITests.debug.xcconfig"; path = "Target Support Files/Pods-NewRxPokeProject-NewRxPokeProjectUITests/Pods-NewRxPokeProject-NewRxPokeProjectUITests.debug.xcconfig"; sourceTree = "<group>"; };
		C312F3565DC7416B090029FF /* Pods_NewRxPokeProject.framework */ = {isa = PBXFileReference; explicitFileType = wrapper.framework; includeInIndex = 0; path = Pods_NewRxPokeProject.framework; sourceTree = BUILT_PRODUCTS_DIR; };
		CB42A33D293C6888004E439D /* NewRxPokeProject.app */ = {isa = PBXFileReference; explicitFileType = wrapper.application; includeInIndex = 0; path = NewRxPokeProject.app; sourceTree = BUILT_PRODUCTS_DIR; };
		CB42A340293C6888004E439D /* AppDelegate.swift */ = {isa = PBXFileReference; lastKnownFileType = sourcecode.swift; path = AppDelegate.swift; sourceTree = "<group>"; };
		CB42A342293C6888004E439D /* SceneDelegate.swift */ = {isa = PBXFileReference; lastKnownFileType = sourcecode.swift; path = SceneDelegate.swift; sourceTree = "<group>"; };
		CB42A344293C6888004E439D /* MapViewController.swift */ = {isa = PBXFileReference; indentWidth = 2; lastKnownFileType = sourcecode.swift; path = MapViewController.swift; sourceTree = "<group>"; tabWidth = 2; };
		CB42A347293C6888004E439D /* Base */ = {isa = PBXFileReference; lastKnownFileType = file.storyboard; name = Base; path = Base.lproj/Main.storyboard; sourceTree = "<group>"; };
		CB42A349293C688A004E439D /* Assets.xcassets */ = {isa = PBXFileReference; lastKnownFileType = folder.assetcatalog; path = Assets.xcassets; sourceTree = "<group>"; };
		CB42A34C293C688A004E439D /* Base */ = {isa = PBXFileReference; lastKnownFileType = file.storyboard; name = Base; path = Base.lproj/LaunchScreen.storyboard; sourceTree = "<group>"; };
		CB42A34E293C688A004E439D /* Info.plist */ = {isa = PBXFileReference; lastKnownFileType = text.plist.xml; path = Info.plist; sourceTree = "<group>"; };
		CB42A353293C688A004E439D /* NewRxPokeProjectTests.xctest */ = {isa = PBXFileReference; explicitFileType = wrapper.cfbundle; includeInIndex = 0; path = NewRxPokeProjectTests.xctest; sourceTree = BUILT_PRODUCTS_DIR; };
		CB42A357293C688A004E439D /* NewRxPokeProjectTests.swift */ = {isa = PBXFileReference; lastKnownFileType = sourcecode.swift; path = NewRxPokeProjectTests.swift; sourceTree = "<group>"; };
		CB42A35D293C688A004E439D /* NewRxPokeProjectUITests.xctest */ = {isa = PBXFileReference; explicitFileType = wrapper.cfbundle; includeInIndex = 0; path = NewRxPokeProjectUITests.xctest; sourceTree = BUILT_PRODUCTS_DIR; };
		CB42A361293C688A004E439D /* NewRxPokeProjectUITests.swift */ = {isa = PBXFileReference; lastKnownFileType = sourcecode.swift; path = NewRxPokeProjectUITests.swift; sourceTree = "<group>"; };
		CB42A363293C688A004E439D /* NewRxPokeProjectUITestsLaunchTests.swift */ = {isa = PBXFileReference; lastKnownFileType = sourcecode.swift; path = NewRxPokeProjectUITestsLaunchTests.swift; sourceTree = "<group>"; };
		CB42A372293C6974004E439D /* TotalHabitat.swift */ = {isa = PBXFileReference; lastKnownFileType = sourcecode.swift; path = TotalHabitat.swift; sourceTree = "<group>"; };
		CBA9CCD42945A6F20013654C /* PokeHabitat.swift */ = {isa = PBXFileReference; lastKnownFileType = sourcecode.swift; path = PokeHabitat.swift; sourceTree = "<group>"; };
		CBA9CCD62945B3A50013654C /* PokeSpecies.swift */ = {isa = PBXFileReference; lastKnownFileType = sourcecode.swift; path = PokeSpecies.swift; sourceTree = "<group>"; };
		CBA9CCD82945BF030013654C /* FieldViewController.swift */ = {isa = PBXFileReference; indentWidth = 2; lastKnownFileType = sourcecode.swift; path = FieldViewController.swift; sourceTree = "<group>"; };
		CBA9CCDC2945BF940013654C /* NetworkError.swift */ = {isa = PBXFileReference; lastKnownFileType = sourcecode.swift; path = NetworkError.swift; sourceTree = "<group>"; };
		CBA9CCDE2945C2CE0013654C /* NetworkAgent.swift */ = {isa = PBXFileReference; lastKnownFileType = sourcecode.swift; path = NetworkAgent.swift; sourceTree = "<group>"; };
		CBA9CCE02945C77F0013654C /* Pokemon.swift */ = {isa = PBXFileReference; lastKnownFileType = sourcecode.swift; path = Pokemon.swift; sourceTree = "<group>"; };
		D895F36DECE1806A8C838F09 /* Pods-NewRxPokeProject.debug.xcconfig */ = {isa = PBXFileReference; includeInIndex = 1; lastKnownFileType = text.xcconfig; name = "Pods-NewRxPokeProject.debug.xcconfig"; path = "Target Support Files/Pods-NewRxPokeProject/Pods-NewRxPokeProject.debug.xcconfig"; sourceTree = "<group>"; };
/* End PBXFileReference section */

/* Begin PBXFrameworksBuildPhase section */
		CB42A33A293C6888004E439D /* Frameworks */ = {
			isa = PBXFrameworksBuildPhase;
			buildActionMask = 2147483647;
			files = (
				7A3EE518CF47D2A0E623A8E4 /* Pods_NewRxPokeProject.framework in Frameworks */,
			);
			runOnlyForDeploymentPostprocessing = 0;
		};
		CB42A350293C688A004E439D /* Frameworks */ = {
			isa = PBXFrameworksBuildPhase;
			buildActionMask = 2147483647;
			files = (
				CDDD0D67B08913C829435705 /* Pods_NewRxPokeProjectTests.framework in Frameworks */,
			);
			runOnlyForDeploymentPostprocessing = 0;
		};
		CB42A35A293C688A004E439D /* Frameworks */ = {
			isa = PBXFrameworksBuildPhase;
			buildActionMask = 2147483647;
			files = (
				66D2C1ADD348CD6EA8DB9C81 /* Pods_NewRxPokeProject_NewRxPokeProjectUITests.framework in Frameworks */,
			);
			runOnlyForDeploymentPostprocessing = 0;
		};
/* End PBXFrameworksBuildPhase section */

/* Begin PBXGroup section */
		78F6FCC6EC3568AEA3B1B83F /* Frameworks */ = {
			isa = PBXGroup;
			children = (
				C312F3565DC7416B090029FF /* Pods_NewRxPokeProject.framework */,
				22F52ED63171A1DF342BADFC /* Pods_NewRxPokeProject_NewRxPokeProjectUITests.framework */,
				6754FE019768067BB0260FAB /* Pods_NewRxPokeProjectTests.framework */,
			);
			name = Frameworks;
			sourceTree = "<group>";
		};
		CB42A334293C6888004E439D = {
			isa = PBXGroup;
			children = (
				CB42A33F293C6888004E439D /* NewRxPokeProject */,
				CB42A356293C688A004E439D /* NewRxPokeProjectTests */,
				CB42A360293C688A004E439D /* NewRxPokeProjectUITests */,
				CB42A33E293C6888004E439D /* Products */,
				FDB08B369E0385429CF10317 /* Pods */,
				78F6FCC6EC3568AEA3B1B83F /* Frameworks */,
			);
			sourceTree = "<group>";
		};
		CB42A33E293C6888004E439D /* Products */ = {
			isa = PBXGroup;
			children = (
				CB42A33D293C6888004E439D /* NewRxPokeProject.app */,
				CB42A353293C688A004E439D /* NewRxPokeProjectTests.xctest */,
				CB42A35D293C688A004E439D /* NewRxPokeProjectUITests.xctest */,
			);
			name = Products;
			sourceTree = "<group>";
		};
		CB42A33F293C6888004E439D /* NewRxPokeProject */ = {
			isa = PBXGroup;
			children = (
				CBA9CCDB2945BF8E0013654C /* Network */,
				CB42A370293C689A004E439D /* Model */,
				CBA9CCDA2945BF790013654C /* ViewController */,
				CB42A340293C6888004E439D /* AppDelegate.swift */,
				CB42A342293C6888004E439D /* SceneDelegate.swift */,
				CB42A346293C6888004E439D /* Main.storyboard */,
				CB42A349293C688A004E439D /* Assets.xcassets */,
				CB42A34B293C688A004E439D /* LaunchScreen.storyboard */,
				CB42A34E293C688A004E439D /* Info.plist */,
			);
			path = NewRxPokeProject;
			sourceTree = "<group>";
		};
		CB42A356293C688A004E439D /* NewRxPokeProjectTests */ = {
			isa = PBXGroup;
			children = (
				CB42A357293C688A004E439D /* NewRxPokeProjectTests.swift */,
			);
			path = NewRxPokeProjectTests;
			sourceTree = "<group>";
		};
		CB42A360293C688A004E439D /* NewRxPokeProjectUITests */ = {
			isa = PBXGroup;
			children = (
				CB42A361293C688A004E439D /* NewRxPokeProjectUITests.swift */,
				CB42A363293C688A004E439D /* NewRxPokeProjectUITestsLaunchTests.swift */,
			);
			path = NewRxPokeProjectUITests;
			sourceTree = "<group>";
		};
		CB42A370293C689A004E439D /* Model */ = {
			isa = PBXGroup;
			children = (
				CB42A372293C6974004E439D /* TotalHabitat.swift */,
				CBA9CCD42945A6F20013654C /* PokeHabitat.swift */,
				CBA9CCD62945B3A50013654C /* PokeSpecies.swift */,
				CBA9CCE02945C77F0013654C /* Pokemon.swift */,
			);
			path = Model;
			sourceTree = "<group>";
		};
		CBA9CCDA2945BF790013654C /* ViewController */ = {
			isa = PBXGroup;
			children = (
				CB42A344293C6888004E439D /* MapViewController.swift */,
				CBA9CCD82945BF030013654C /* FieldViewController.swift */,
			);
			path = ViewController;
			sourceTree = "<group>";
		};
		CBA9CCDB2945BF8E0013654C /* Network */ = {
			isa = PBXGroup;
			children = (
				CBA9CCDC2945BF940013654C /* NetworkError.swift */,
				CBA9CCDE2945C2CE0013654C /* NetworkAgent.swift */,
			);
			path = Network;
			sourceTree = "<group>";
		};
		FDB08B369E0385429CF10317 /* Pods */ = {
			isa = PBXGroup;
			children = (
				D895F36DECE1806A8C838F09 /* Pods-NewRxPokeProject.debug.xcconfig */,
				50587A5E214545DFD102CFF8 /* Pods-NewRxPokeProject.release.xcconfig */,
				87A5C653CE5E068C30CAD48E /* Pods-NewRxPokeProject-NewRxPokeProjectUITests.debug.xcconfig */,
				4EC3DA692B0123A6D5E8C997 /* Pods-NewRxPokeProject-NewRxPokeProjectUITests.release.xcconfig */,
				645031AC548ED192BC558197 /* Pods-NewRxPokeProjectTests.debug.xcconfig */,
				3E6EAEBE57642FF36E1ADDA4 /* Pods-NewRxPokeProjectTests.release.xcconfig */,
			);
			path = Pods;
			sourceTree = "<group>";
		};
/* End PBXGroup section */

/* Begin PBXNativeTarget section */
		CB42A33C293C6888004E439D /* NewRxPokeProject */ = {
			isa = PBXNativeTarget;
			buildConfigurationList = CB42A367293C688A004E439D /* Build configuration list for PBXNativeTarget "NewRxPokeProject" */;
			buildPhases = (
				DCCCA091398AD8F7BBA58FBF /* [CP] Check Pods Manifest.lock */,
				CB42A339293C6888004E439D /* Sources */,
				CB42A33A293C6888004E439D /* Frameworks */,
				CB42A33B293C6888004E439D /* Resources */,
				32E3C592C3AFABD2DF772012 /* [CP] Embed Pods Frameworks */,
			);
			buildRules = (
			);
			dependencies = (
			);
			name = NewRxPokeProject;
			productName = NewRxPokeProject;
			productReference = CB42A33D293C6888004E439D /* NewRxPokeProject.app */;
			productType = "com.apple.product-type.application";
		};
		CB42A352293C688A004E439D /* NewRxPokeProjectTests */ = {
			isa = PBXNativeTarget;
			buildConfigurationList = CB42A36A293C688A004E439D /* Build configuration list for PBXNativeTarget "NewRxPokeProjectTests" */;
			buildPhases = (
				3AB42DDB6691B392F67F6E67 /* [CP] Check Pods Manifest.lock */,
				CB42A34F293C688A004E439D /* Sources */,
				CB42A350293C688A004E439D /* Frameworks */,
				CB42A351293C688A004E439D /* Resources */,
			);
			buildRules = (
			);
			dependencies = (
				CB42A355293C688A004E439D /* PBXTargetDependency */,
			);
			name = NewRxPokeProjectTests;
			productName = NewRxPokeProjectTests;
			productReference = CB42A353293C688A004E439D /* NewRxPokeProjectTests.xctest */;
			productType = "com.apple.product-type.bundle.unit-test";
		};
		CB42A35C293C688A004E439D /* NewRxPokeProjectUITests */ = {
			isa = PBXNativeTarget;
			buildConfigurationList = CB42A36D293C688A004E439D /* Build configuration list for PBXNativeTarget "NewRxPokeProjectUITests" */;
			buildPhases = (
				7D9F2E0FCBE0C7DB41E32587 /* [CP] Check Pods Manifest.lock */,
				CB42A359293C688A004E439D /* Sources */,
				CB42A35A293C688A004E439D /* Frameworks */,
				CB42A35B293C688A004E439D /* Resources */,
				5051CBF2C3FD66422928486A /* [CP] Embed Pods Frameworks */,
			);
			buildRules = (
			);
			dependencies = (
				CB42A35F293C688A004E439D /* PBXTargetDependency */,
			);
			name = NewRxPokeProjectUITests;
			productName = NewRxPokeProjectUITests;
			productReference = CB42A35D293C688A004E439D /* NewRxPokeProjectUITests.xctest */;
			productType = "com.apple.product-type.bundle.ui-testing";
		};
/* End PBXNativeTarget section */

/* Begin PBXProject section */
		CB42A335293C6888004E439D /* Project object */ = {
			isa = PBXProject;
			attributes = {
				BuildIndependentTargetsInParallel = 1;
				LastSwiftUpdateCheck = 1340;
				LastUpgradeCheck = 1340;
				TargetAttributes = {
					CB42A33C293C6888004E439D = {
						CreatedOnToolsVersion = 13.4.1;
					};
					CB42A352293C688A004E439D = {
						CreatedOnToolsVersion = 13.4.1;
						TestTargetID = CB42A33C293C6888004E439D;
					};
					CB42A35C293C688A004E439D = {
						CreatedOnToolsVersion = 13.4.1;
						TestTargetID = CB42A33C293C6888004E439D;
					};
				};
			};
			buildConfigurationList = CB42A338293C6888004E439D /* Build configuration list for PBXProject "NewRxPokeProject" */;
			compatibilityVersion = "Xcode 13.0";
			developmentRegion = en;
			hasScannedForEncodings = 0;
			knownRegions = (
				en,
				Base,
			);
			mainGroup = CB42A334293C6888004E439D;
			productRefGroup = CB42A33E293C6888004E439D /* Products */;
			projectDirPath = "";
			projectRoot = "";
			targets = (
				CB42A33C293C6888004E439D /* NewRxPokeProject */,
				CB42A352293C688A004E439D /* NewRxPokeProjectTests */,
				CB42A35C293C688A004E439D /* NewRxPokeProjectUITests */,
			);
		};
/* End PBXProject section */

/* Begin PBXResourcesBuildPhase section */
		CB42A33B293C6888004E439D /* Resources */ = {
			isa = PBXResourcesBuildPhase;
			buildActionMask = 2147483647;
			files = (
				CB42A34D293C688A004E439D /* LaunchScreen.storyboard in Resources */,
				CB42A34A293C688A004E439D /* Assets.xcassets in Resources */,
				CB42A348293C6888004E439D /* Main.storyboard in Resources */,
			);
			runOnlyForDeploymentPostprocessing = 0;
		};
		CB42A351293C688A004E439D /* Resources */ = {
			isa = PBXResourcesBuildPhase;
			buildActionMask = 2147483647;
			files = (
			);
			runOnlyForDeploymentPostprocessing = 0;
		};
		CB42A35B293C688A004E439D /* Resources */ = {
			isa = PBXResourcesBuildPhase;
			buildActionMask = 2147483647;
			files = (
			);
			runOnlyForDeploymentPostprocessing = 0;
		};
/* End PBXResourcesBuildPhase section */

/* Begin PBXShellScriptBuildPhase section */
		32E3C592C3AFABD2DF772012 /* [CP] Embed Pods Frameworks */ = {
			isa = PBXShellScriptBuildPhase;
			buildActionMask = 2147483647;
			files = (
			);
			inputFileListPaths = (
				"${PODS_ROOT}/Target Support Files/Pods-NewRxPokeProject/Pods-NewRxPokeProject-frameworks-${CONFIGURATION}-input-files.xcfilelist",
			);
			name = "[CP] Embed Pods Frameworks";
			outputFileListPaths = (
				"${PODS_ROOT}/Target Support Files/Pods-NewRxPokeProject/Pods-NewRxPokeProject-frameworks-${CONFIGURATION}-output-files.xcfilelist",
			);
			runOnlyForDeploymentPostprocessing = 0;
			shellPath = /bin/sh;
			shellScript = "\"${PODS_ROOT}/Target Support Files/Pods-NewRxPokeProject/Pods-NewRxPokeProject-frameworks.sh\"\n";
			showEnvVarsInLog = 0;
		};
		3AB42DDB6691B392F67F6E67 /* [CP] Check Pods Manifest.lock */ = {
			isa = PBXShellScriptBuildPhase;
			buildActionMask = 2147483647;
			files = (
			);
			inputFileListPaths = (
			);
			inputPaths = (
				"${PODS_PODFILE_DIR_PATH}/Podfile.lock",
				"${PODS_ROOT}/Manifest.lock",
			);
			name = "[CP] Check Pods Manifest.lock";
			outputFileListPaths = (
			);
			outputPaths = (
				"$(DERIVED_FILE_DIR)/Pods-NewRxPokeProjectTests-checkManifestLockResult.txt",
			);
			runOnlyForDeploymentPostprocessing = 0;
			shellPath = /bin/sh;
			shellScript = "diff \"${PODS_PODFILE_DIR_PATH}/Podfile.lock\" \"${PODS_ROOT}/Manifest.lock\" > /dev/null\nif [ $? != 0 ] ; then\n    # print error to STDERR\n    echo \"error: The sandbox is not in sync with the Podfile.lock. Run 'pod install' or update your CocoaPods installation.\" >&2\n    exit 1\nfi\n# This output is used by Xcode 'outputs' to avoid re-running this script phase.\necho \"SUCCESS\" > \"${SCRIPT_OUTPUT_FILE_0}\"\n";
			showEnvVarsInLog = 0;
		};
		5051CBF2C3FD66422928486A /* [CP] Embed Pods Frameworks */ = {
			isa = PBXShellScriptBuildPhase;
			buildActionMask = 2147483647;
			files = (
			);
			inputFileListPaths = (
				"${PODS_ROOT}/Target Support Files/Pods-NewRxPokeProject-NewRxPokeProjectUITests/Pods-NewRxPokeProject-NewRxPokeProjectUITests-frameworks-${CONFIGURATION}-input-files.xcfilelist",
			);
			name = "[CP] Embed Pods Frameworks";
			outputFileListPaths = (
				"${PODS_ROOT}/Target Support Files/Pods-NewRxPokeProject-NewRxPokeProjectUITests/Pods-NewRxPokeProject-NewRxPokeProjectUITests-frameworks-${CONFIGURATION}-output-files.xcfilelist",
			);
			runOnlyForDeploymentPostprocessing = 0;
			shellPath = /bin/sh;
			shellScript = "\"${PODS_ROOT}/Target Support Files/Pods-NewRxPokeProject-NewRxPokeProjectUITests/Pods-NewRxPokeProject-NewRxPokeProjectUITests-frameworks.sh\"\n";
			showEnvVarsInLog = 0;
		};
		7D9F2E0FCBE0C7DB41E32587 /* [CP] Check Pods Manifest.lock */ = {
			isa = PBXShellScriptBuildPhase;
			buildActionMask = 2147483647;
			files = (
			);
			inputFileListPaths = (
			);
			inputPaths = (
				"${PODS_PODFILE_DIR_PATH}/Podfile.lock",
				"${PODS_ROOT}/Manifest.lock",
			);
			name = "[CP] Check Pods Manifest.lock";
			outputFileListPaths = (
			);
			outputPaths = (
				"$(DERIVED_FILE_DIR)/Pods-NewRxPokeProject-NewRxPokeProjectUITests-checkManifestLockResult.txt",
			);
			runOnlyForDeploymentPostprocessing = 0;
			shellPath = /bin/sh;
			shellScript = "diff \"${PODS_PODFILE_DIR_PATH}/Podfile.lock\" \"${PODS_ROOT}/Manifest.lock\" > /dev/null\nif [ $? != 0 ] ; then\n    # print error to STDERR\n    echo \"error: The sandbox is not in sync with the Podfile.lock. Run 'pod install' or update your CocoaPods installation.\" >&2\n    exit 1\nfi\n# This output is used by Xcode 'outputs' to avoid re-running this script phase.\necho \"SUCCESS\" > \"${SCRIPT_OUTPUT_FILE_0}\"\n";
			showEnvVarsInLog = 0;
		};
		DCCCA091398AD8F7BBA58FBF /* [CP] Check Pods Manifest.lock */ = {
			isa = PBXShellScriptBuildPhase;
			buildActionMask = 2147483647;
			files = (
			);
			inputFileListPaths = (
			);
			inputPaths = (
				"${PODS_PODFILE_DIR_PATH}/Podfile.lock",
				"${PODS_ROOT}/Manifest.lock",
			);
			name = "[CP] Check Pods Manifest.lock";
			outputFileListPaths = (
			);
			outputPaths = (
				"$(DERIVED_FILE_DIR)/Pods-NewRxPokeProject-checkManifestLockResult.txt",
			);
			runOnlyForDeploymentPostprocessing = 0;
			shellPath = /bin/sh;
			shellScript = "diff \"${PODS_PODFILE_DIR_PATH}/Podfile.lock\" \"${PODS_ROOT}/Manifest.lock\" > /dev/null\nif [ $? != 0 ] ; then\n    # print error to STDERR\n    echo \"error: The sandbox is not in sync with the Podfile.lock. Run 'pod install' or update your CocoaPods installation.\" >&2\n    exit 1\nfi\n# This output is used by Xcode 'outputs' to avoid re-running this script phase.\necho \"SUCCESS\" > \"${SCRIPT_OUTPUT_FILE_0}\"\n";
			showEnvVarsInLog = 0;
		};
/* End PBXShellScriptBuildPhase section */

/* Begin PBXSourcesBuildPhase section */
		CB42A339293C6888004E439D /* Sources */ = {
			isa = PBXSourcesBuildPhase;
			buildActionMask = 2147483647;
			files = (
				CBA9CCD92945BF030013654C /* FieldViewController.swift in Sources */,
				CBA9CCDD2945BF940013654C /* NetworkError.swift in Sources */,
				CBA9CCD52945A6F20013654C /* PokeHabitat.swift in Sources */,
				CB42A345293C6888004E439D /* MapViewController.swift in Sources */,
				CBA9CCDF2945C2CE0013654C /* NetworkAgent.swift in Sources */,
				CBA9CCE12945C77F0013654C /* Pokemon.swift in Sources */,
				CB42A341293C6888004E439D /* AppDelegate.swift in Sources */,
				CBA9CCD72945B3A50013654C /* PokeSpecies.swift in Sources */,
				CB42A373293C6974004E439D /* TotalHabitat.swift in Sources */,
				CB42A343293C6888004E439D /* SceneDelegate.swift in Sources */,
			);
			runOnlyForDeploymentPostprocessing = 0;
		};
		CB42A34F293C688A004E439D /* Sources */ = {
			isa = PBXSourcesBuildPhase;
			buildActionMask = 2147483647;
			files = (
				CB42A358293C688A004E439D /* NewRxPokeProjectTests.swift in Sources */,
			);
			runOnlyForDeploymentPostprocessing = 0;
		};
		CB42A359293C688A004E439D /* Sources */ = {
			isa = PBXSourcesBuildPhase;
			buildActionMask = 2147483647;
			files = (
				CB42A364293C688A004E439D /* NewRxPokeProjectUITestsLaunchTests.swift in Sources */,
				CB42A362293C688A004E439D /* NewRxPokeProjectUITests.swift in Sources */,
			);
			runOnlyForDeploymentPostprocessing = 0;
		};
/* End PBXSourcesBuildPhase section */

/* Begin PBXTargetDependency section */
		CB42A355293C688A004E439D /* PBXTargetDependency */ = {
			isa = PBXTargetDependency;
			target = CB42A33C293C6888004E439D /* NewRxPokeProject */;
			targetProxy = CB42A354293C688A004E439D /* PBXContainerItemProxy */;
		};
		CB42A35F293C688A004E439D /* PBXTargetDependency */ = {
			isa = PBXTargetDependency;
			target = CB42A33C293C6888004E439D /* NewRxPokeProject */;
			targetProxy = CB42A35E293C688A004E439D /* PBXContainerItemProxy */;
		};
/* End PBXTargetDependency section */

/* Begin PBXVariantGroup section */
		CB42A346293C6888004E439D /* Main.storyboard */ = {
			isa = PBXVariantGroup;
			children = (
				CB42A347293C6888004E439D /* Base */,
			);
			name = Main.storyboard;
			sourceTree = "<group>";
		};
		CB42A34B293C688A004E439D /* LaunchScreen.storyboard */ = {
			isa = PBXVariantGroup;
			children = (
				CB42A34C293C688A004E439D /* Base */,
			);
			name = LaunchScreen.storyboard;
			sourceTree = "<group>";
		};
/* End PBXVariantGroup section */

/* Begin XCBuildConfiguration section */
		CB42A365293C688A004E439D /* Debug */ = {
			isa = XCBuildConfiguration;
			buildSettings = {
				ALWAYS_SEARCH_USER_PATHS = NO;
				CLANG_ANALYZER_NONNULL = YES;
				CLANG_ANALYZER_NUMBER_OBJECT_CONVERSION = YES_AGGRESSIVE;
				CLANG_CXX_LANGUAGE_STANDARD = "gnu++17";
				CLANG_ENABLE_MODULES = YES;
				CLANG_ENABLE_OBJC_ARC = YES;
				CLANG_ENABLE_OBJC_WEAK = YES;
				CLANG_WARN_BLOCK_CAPTURE_AUTORELEASING = YES;
				CLANG_WARN_BOOL_CONVERSION = YES;
				CLANG_WARN_COMMA = YES;
				CLANG_WARN_CONSTANT_CONVERSION = YES;
				CLANG_WARN_DEPRECATED_OBJC_IMPLEMENTATIONS = YES;
				CLANG_WARN_DIRECT_OBJC_ISA_USAGE = YES_ERROR;
				CLANG_WARN_DOCUMENTATION_COMMENTS = YES;
				CLANG_WARN_EMPTY_BODY = YES;
				CLANG_WARN_ENUM_CONVERSION = YES;
				CLANG_WARN_INFINITE_RECURSION = YES;
				CLANG_WARN_INT_CONVERSION = YES;
				CLANG_WARN_NON_LITERAL_NULL_CONVERSION = YES;
				CLANG_WARN_OBJC_IMPLICIT_RETAIN_SELF = YES;
				CLANG_WARN_OBJC_LITERAL_CONVERSION = YES;
				CLANG_WARN_OBJC_ROOT_CLASS = YES_ERROR;
				CLANG_WARN_QUOTED_INCLUDE_IN_FRAMEWORK_HEADER = YES;
				CLANG_WARN_RANGE_LOOP_ANALYSIS = YES;
				CLANG_WARN_STRICT_PROTOTYPES = YES;
				CLANG_WARN_SUSPICIOUS_MOVE = YES;
				CLANG_WARN_UNGUARDED_AVAILABILITY = YES_AGGRESSIVE;
				CLANG_WARN_UNREACHABLE_CODE = YES;
				CLANG_WARN__DUPLICATE_METHOD_MATCH = YES;
				COPY_PHASE_STRIP = NO;
				DEBUG_INFORMATION_FORMAT = dwarf;
				ENABLE_STRICT_OBJC_MSGSEND = YES;
				ENABLE_TESTABILITY = YES;
				GCC_C_LANGUAGE_STANDARD = gnu11;
				GCC_DYNAMIC_NO_PIC = NO;
				GCC_NO_COMMON_BLOCKS = YES;
				GCC_OPTIMIZATION_LEVEL = 0;
				GCC_PREPROCESSOR_DEFINITIONS = (
					"DEBUG=1",
					"$(inherited)",
				);
				GCC_WARN_64_TO_32_BIT_CONVERSION = YES;
				GCC_WARN_ABOUT_RETURN_TYPE = YES_ERROR;
				GCC_WARN_UNDECLARED_SELECTOR = YES;
				GCC_WARN_UNINITIALIZED_AUTOS = YES_AGGRESSIVE;
				GCC_WARN_UNUSED_FUNCTION = YES;
				GCC_WARN_UNUSED_VARIABLE = YES;
				IPHONEOS_DEPLOYMENT_TARGET = 15.5;
				MTL_ENABLE_DEBUG_INFO = INCLUDE_SOURCE;
				MTL_FAST_MATH = YES;
				ONLY_ACTIVE_ARCH = YES;
				SDKROOT = iphoneos;
				SWIFT_ACTIVE_COMPILATION_CONDITIONS = DEBUG;
				SWIFT_OPTIMIZATION_LEVEL = "-Onone";
			};
			name = Debug;
		};
		CB42A366293C688A004E439D /* Release */ = {
			isa = XCBuildConfiguration;
			buildSettings = {
				ALWAYS_SEARCH_USER_PATHS = NO;
				CLANG_ANALYZER_NONNULL = YES;
				CLANG_ANALYZER_NUMBER_OBJECT_CONVERSION = YES_AGGRESSIVE;
				CLANG_CXX_LANGUAGE_STANDARD = "gnu++17";
				CLANG_ENABLE_MODULES = YES;
				CLANG_ENABLE_OBJC_ARC = YES;
				CLANG_ENABLE_OBJC_WEAK = YES;
				CLANG_WARN_BLOCK_CAPTURE_AUTORELEASING = YES;
				CLANG_WARN_BOOL_CONVERSION = YES;
				CLANG_WARN_COMMA = YES;
				CLANG_WARN_CONSTANT_CONVERSION = YES;
				CLANG_WARN_DEPRECATED_OBJC_IMPLEMENTATIONS = YES;
				CLANG_WARN_DIRECT_OBJC_ISA_USAGE = YES_ERROR;
				CLANG_WARN_DOCUMENTATION_COMMENTS = YES;
				CLANG_WARN_EMPTY_BODY = YES;
				CLANG_WARN_ENUM_CONVERSION = YES;
				CLANG_WARN_INFINITE_RECURSION = YES;
				CLANG_WARN_INT_CONVERSION = YES;
				CLANG_WARN_NON_LITERAL_NULL_CONVERSION = YES;
				CLANG_WARN_OBJC_IMPLICIT_RETAIN_SELF = YES;
				CLANG_WARN_OBJC_LITERAL_CONVERSION = YES;
				CLANG_WARN_OBJC_ROOT_CLASS = YES_ERROR;
				CLANG_WARN_QUOTED_INCLUDE_IN_FRAMEWORK_HEADER = YES;
				CLANG_WARN_RANGE_LOOP_ANALYSIS = YES;
				CLANG_WARN_STRICT_PROTOTYPES = YES;
				CLANG_WARN_SUSPICIOUS_MOVE = YES;
				CLANG_WARN_UNGUARDED_AVAILABILITY = YES_AGGRESSIVE;
				CLANG_WARN_UNREACHABLE_CODE = YES;
				CLANG_WARN__DUPLICATE_METHOD_MATCH = YES;
				COPY_PHASE_STRIP = NO;
				DEBUG_INFORMATION_FORMAT = "dwarf-with-dsym";
				ENABLE_NS_ASSERTIONS = NO;
				ENABLE_STRICT_OBJC_MSGSEND = YES;
				GCC_C_LANGUAGE_STANDARD = gnu11;
				GCC_NO_COMMON_BLOCKS = YES;
				GCC_WARN_64_TO_32_BIT_CONVERSION = YES;
				GCC_WARN_ABOUT_RETURN_TYPE = YES_ERROR;
				GCC_WARN_UNDECLARED_SELECTOR = YES;
				GCC_WARN_UNINITIALIZED_AUTOS = YES_AGGRESSIVE;
				GCC_WARN_UNUSED_FUNCTION = YES;
				GCC_WARN_UNUSED_VARIABLE = YES;
				IPHONEOS_DEPLOYMENT_TARGET = 15.5;
				MTL_ENABLE_DEBUG_INFO = NO;
				MTL_FAST_MATH = YES;
				SDKROOT = iphoneos;
				SWIFT_COMPILATION_MODE = wholemodule;
				SWIFT_OPTIMIZATION_LEVEL = "-O";
				VALIDATE_PRODUCT = YES;
			};
			name = Release;
		};
		CB42A368293C688A004E439D /* Debug */ = {
			isa = XCBuildConfiguration;
			baseConfigurationReference = D895F36DECE1806A8C838F09 /* Pods-NewRxPokeProject.debug.xcconfig */;
			buildSettings = {
				ASSETCATALOG_COMPILER_APPICON_NAME = AppIcon;
				ASSETCATALOG_COMPILER_GLOBAL_ACCENT_COLOR_NAME = AccentColor;
				CODE_SIGN_STYLE = Automatic;
				CURRENT_PROJECT_VERSION = 1;
				GENERATE_INFOPLIST_FILE = YES;
				INFOPLIST_FILE = NewRxPokeProject/Info.plist;
				INFOPLIST_KEY_UIApplicationSupportsIndirectInputEvents = YES;
				INFOPLIST_KEY_UILaunchStoryboardName = LaunchScreen;
				INFOPLIST_KEY_UIMainStoryboardFile = Main;
				INFOPLIST_KEY_UISupportedInterfaceOrientations_iPad = "UIInterfaceOrientationPortrait UIInterfaceOrientationPortraitUpsideDown UIInterfaceOrientationLandscapeLeft UIInterfaceOrientationLandscapeRight";
				INFOPLIST_KEY_UISupportedInterfaceOrientations_iPhone = "UIInterfaceOrientationPortrait UIInterfaceOrientationLandscapeLeft UIInterfaceOrientationLandscapeRight";
				LD_RUNPATH_SEARCH_PATHS = (
					"$(inherited)",
					"@executable_path/Frameworks",
				);
				MARKETING_VERSION = 1.0;
				PRODUCT_BUNDLE_IDENTIFIER = bong.com.NewRxPokeProject;
				PRODUCT_NAME = "$(TARGET_NAME)";
				SWIFT_EMIT_LOC_STRINGS = YES;
				SWIFT_VERSION = 5.0;
				TARGETED_DEVICE_FAMILY = "1,2";
			};
			name = Debug;
		};
		CB42A369293C688A004E439D /* Release */ = {
			isa = XCBuildConfiguration;
			baseConfigurationReference = 50587A5E214545DFD102CFF8 /* Pods-NewRxPokeProject.release.xcconfig */;
			buildSettings = {
				ASSETCATALOG_COMPILER_APPICON_NAME = AppIcon;
				ASSETCATALOG_COMPILER_GLOBAL_ACCENT_COLOR_NAME = AccentColor;
				CODE_SIGN_STYLE = Automatic;
				CURRENT_PROJECT_VERSION = 1;
				GENERATE_INFOPLIST_FILE = YES;
				INFOPLIST_FILE = NewRxPokeProject/Info.plist;
				INFOPLIST_KEY_UIApplicationSupportsIndirectInputEvents = YES;
				INFOPLIST_KEY_UILaunchStoryboardName = LaunchScreen;
				INFOPLIST_KEY_UIMainStoryboardFile = Main;
				INFOPLIST_KEY_UISupportedInterfaceOrientations_iPad = "UIInterfaceOrientationPortrait UIInterfaceOrientationPortraitUpsideDown UIInterfaceOrientationLandscapeLeft UIInterfaceOrientationLandscapeRight";
				INFOPLIST_KEY_UISupportedInterfaceOrientations_iPhone = "UIInterfaceOrientationPortrait UIInterfaceOrientationLandscapeLeft UIInterfaceOrientationLandscapeRight";
				LD_RUNPATH_SEARCH_PATHS = (
					"$(inherited)",
					"@executable_path/Frameworks",
				);
				MARKETING_VERSION = 1.0;
				PRODUCT_BUNDLE_IDENTIFIER = bong.com.NewRxPokeProject;
				PRODUCT_NAME = "$(TARGET_NAME)";
				SWIFT_EMIT_LOC_STRINGS = YES;
				SWIFT_VERSION = 5.0;
				TARGETED_DEVICE_FAMILY = "1,2";
			};
			name = Release;
		};
		CB42A36B293C688A004E439D /* Debug */ = {
			isa = XCBuildConfiguration;
			baseConfigurationReference = 645031AC548ED192BC558197 /* Pods-NewRxPokeProjectTests.debug.xcconfig */;
			buildSettings = {
				ALWAYS_EMBED_SWIFT_STANDARD_LIBRARIES = YES;
				BUNDLE_LOADER = "$(TEST_HOST)";
				CODE_SIGN_STYLE = Automatic;
				CURRENT_PROJECT_VERSION = 1;
				GENERATE_INFOPLIST_FILE = YES;
				IPHONEOS_DEPLOYMENT_TARGET = 15.5;
				MARKETING_VERSION = 1.0;
				PRODUCT_BUNDLE_IDENTIFIER = bong.com.NewRxPokeProjectTests;
				PRODUCT_NAME = "$(TARGET_NAME)";
				SWIFT_EMIT_LOC_STRINGS = NO;
				SWIFT_VERSION = 5.0;
				TARGETED_DEVICE_FAMILY = "1,2";
				TEST_HOST = "$(BUILT_PRODUCTS_DIR)/NewRxPokeProject.app/NewRxPokeProject";
			};
			name = Debug;
		};
		CB42A36C293C688A004E439D /* Release */ = {
			isa = XCBuildConfiguration;
			baseConfigurationReference = 3E6EAEBE57642FF36E1ADDA4 /* Pods-NewRxPokeProjectTests.release.xcconfig */;
			buildSettings = {
				ALWAYS_EMBED_SWIFT_STANDARD_LIBRARIES = YES;
				BUNDLE_LOADER = "$(TEST_HOST)";
				CODE_SIGN_STYLE = Automatic;
				CURRENT_PROJECT_VERSION = 1;
				GENERATE_INFOPLIST_FILE = YES;
				IPHONEOS_DEPLOYMENT_TARGET = 15.5;
				MARKETING_VERSION = 1.0;
				PRODUCT_BUNDLE_IDENTIFIER = bong.com.NewRxPokeProjectTests;
				PRODUCT_NAME = "$(TARGET_NAME)";
				SWIFT_EMIT_LOC_STRINGS = NO;
				SWIFT_VERSION = 5.0;
				TARGETED_DEVICE_FAMILY = "1,2";
				TEST_HOST = "$(BUILT_PRODUCTS_DIR)/NewRxPokeProject.app/NewRxPokeProject";
			};
			name = Release;
		};
		CB42A36E293C688A004E439D /* Debug */ = {
			isa = XCBuildConfiguration;
			baseConfigurationReference = 87A5C653CE5E068C30CAD48E /* Pods-NewRxPokeProject-NewRxPokeProjectUITests.debug.xcconfig */;
			buildSettings = {
				ALWAYS_EMBED_SWIFT_STANDARD_LIBRARIES = YES;
				CODE_SIGN_STYLE = Automatic;
				CURRENT_PROJECT_VERSION = 1;
				GENERATE_INFOPLIST_FILE = YES;
				MARKETING_VERSION = 1.0;
				PRODUCT_BUNDLE_IDENTIFIER = bong.com.NewRxPokeProjectUITests;
				PRODUCT_NAME = "$(TARGET_NAME)";
				SWIFT_EMIT_LOC_STRINGS = NO;
				SWIFT_VERSION = 5.0;
				TARGETED_DEVICE_FAMILY = "1,2";
				TEST_TARGET_NAME = NewRxPokeProject;
			};
			name = Debug;
		};
		CB42A36F293C688A004E439D /* Release */ = {
			isa = XCBuildConfiguration;
			baseConfigurationReference = 4EC3DA692B0123A6D5E8C997 /* Pods-NewRxPokeProject-NewRxPokeProjectUITests.release.xcconfig */;
			buildSettings = {
				ALWAYS_EMBED_SWIFT_STANDARD_LIBRARIES = YES;
				CODE_SIGN_STYLE = Automatic;
				CURRENT_PROJECT_VERSION = 1;
				GENERATE_INFOPLIST_FILE = YES;
				MARKETING_VERSION = 1.0;
				PRODUCT_BUNDLE_IDENTIFIER = bong.com.NewRxPokeProjectUITests;
				PRODUCT_NAME = "$(TARGET_NAME)";
				SWIFT_EMIT_LOC_STRINGS = NO;
				SWIFT_VERSION = 5.0;
				TARGETED_DEVICE_FAMILY = "1,2";
				TEST_TARGET_NAME = NewRxPokeProject;
			};
			name = Release;
		};
/* End XCBuildConfiguration section */

/* Begin XCConfigurationList section */
		CB42A338293C6888004E439D /* Build configuration list for PBXProject "NewRxPokeProject" */ = {
			isa = XCConfigurationList;
			buildConfigurations = (
				CB42A365293C688A004E439D /* Debug */,
				CB42A366293C688A004E439D /* Release */,
			);
			defaultConfigurationIsVisible = 0;
			defaultConfigurationName = Release;
		};
		CB42A367293C688A004E439D /* Build configuration list for PBXNativeTarget "NewRxPokeProject" */ = {
			isa = XCConfigurationList;
			buildConfigurations = (
				CB42A368293C688A004E439D /* Debug */,
				CB42A369293C688A004E439D /* Release */,
			);
			defaultConfigurationIsVisible = 0;
			defaultConfigurationName = Release;
		};
		CB42A36A293C688A004E439D /* Build configuration list for PBXNativeTarget "NewRxPokeProjectTests" */ = {
			isa = XCConfigurationList;
			buildConfigurations = (
				CB42A36B293C688A004E439D /* Debug */,
				CB42A36C293C688A004E439D /* Release */,
			);
			defaultConfigurationIsVisible = 0;
			defaultConfigurationName = Release;
		};
		CB42A36D293C688A004E439D /* Build configuration list for PBXNativeTarget "NewRxPokeProjectUITests" */ = {
			isa = XCConfigurationList;
			buildConfigurations = (
				CB42A36E293C688A004E439D /* Debug */,
				CB42A36F293C688A004E439D /* Release */,
			);
			defaultConfigurationIsVisible = 0;
			defaultConfigurationName = Release;
		};
/* End XCConfigurationList section */
	};
	rootObject = CB42A335293C6888004E439D /* Project object */;
}
