// !$*UTF8*$!
{
	archiveVersion = 1;
	classes = {
	};
	objectVersion = 55;
	objects = {

/* Begin PBXBuildFile section */
		0B9CA40D28D8259E006F6526 /* APIController.swift in Sources */ = {isa = PBXBuildFile; fileRef = 0B9CA40C28D8259E006F6526 /* APIController.swift */; };
		B40BCF382EB6E538B54F9C99 /* libPods-WeatherAppProject.a in Frameworks */ = {isa = PBXBuildFile; fileRef = 3124A41C32EFA6713E049923 /* libPods-WeatherAppProject.a */; };
		CB6DCAD328C62A8400FBE37D /* AppDelegate.swift in Sources */ = {isa = PBXBuildFile; fileRef = CB6DCAD228C62A8400FBE37D /* AppDelegate.swift */; };
		CB6DCAD528C62A8400FBE37D /* SceneDelegate.swift in Sources */ = {isa = PBXBuildFile; fileRef = CB6DCAD428C62A8400FBE37D /* SceneDelegate.swift */; };
		CB6DCAD728C62A8400FBE37D /* ViewController.swift in Sources */ = {isa = PBXBuildFile; fileRef = CB6DCAD628C62A8400FBE37D /* ViewController.swift */; };
		CB6DCADA28C62A8400FBE37D /* Main.storyboard in Resources */ = {isa = PBXBuildFile; fileRef = CB6DCAD828C62A8400FBE37D /* Main.storyboard */; };
		CB6DCADC28C62A8500FBE37D /* Assets.xcassets in Resources */ = {isa = PBXBuildFile; fileRef = CB6DCADB28C62A8500FBE37D /* Assets.xcassets */; };
		CB6DCADF28C62A8500FBE37D /* LaunchScreen.storyboard in Resources */ = {isa = PBXBuildFile; fileRef = CB6DCADD28C62A8500FBE37D /* LaunchScreen.storyboard */; };
		CB6DCAE728C6309B00FBE37D /* Weather.swift in Sources */ = {isa = PBXBuildFile; fileRef = CB6DCAE628C6309B00FBE37D /* Weather.swift */; };
/* End PBXBuildFile section */

/* Begin PBXFileReference section */
		0B9CA40C28D8259E006F6526 /* APIController.swift */ = {isa = PBXFileReference; lastKnownFileType = sourcecode.swift; path = APIController.swift; sourceTree = "<group>"; };
		3124A41C32EFA6713E049923 /* libPods-WeatherAppProject.a */ = {isa = PBXFileReference; explicitFileType = archive.ar; includeInIndex = 0; path = "libPods-WeatherAppProject.a"; sourceTree = BUILT_PRODUCTS_DIR; };
		BAE89B1F71C2A835E9F92821 /* Pods-WeatherAppProject.release.xcconfig */ = {isa = PBXFileReference; includeInIndex = 1; lastKnownFileType = text.xcconfig; name = "Pods-WeatherAppProject.release.xcconfig"; path = "Target Support Files/Pods-WeatherAppProject/Pods-WeatherAppProject.release.xcconfig"; sourceTree = "<group>"; };
		CB6DCACF28C62A8400FBE37D /* WeatherAppProject.app */ = {isa = PBXFileReference; explicitFileType = wrapper.application; includeInIndex = 0; path = WeatherAppProject.app; sourceTree = BUILT_PRODUCTS_DIR; };
		CB6DCAD228C62A8400FBE37D /* AppDelegate.swift */ = {isa = PBXFileReference; lastKnownFileType = sourcecode.swift; path = AppDelegate.swift; sourceTree = "<group>"; };
		CB6DCAD428C62A8400FBE37D /* SceneDelegate.swift */ = {isa = PBXFileReference; lastKnownFileType = sourcecode.swift; path = SceneDelegate.swift; sourceTree = "<group>"; };
		CB6DCAD628C62A8400FBE37D /* ViewController.swift */ = {isa = PBXFileReference; indentWidth = 2; lastKnownFileType = sourcecode.swift; path = ViewController.swift; sourceTree = "<group>"; };
		CB6DCAD928C62A8400FBE37D /* Base */ = {isa = PBXFileReference; lastKnownFileType = file.storyboard; name = Base; path = Base.lproj/Main.storyboard; sourceTree = "<group>"; };
		CB6DCADB28C62A8500FBE37D /* Assets.xcassets */ = {isa = PBXFileReference; lastKnownFileType = folder.assetcatalog; path = Assets.xcassets; sourceTree = "<group>"; };
		CB6DCADE28C62A8500FBE37D /* Base */ = {isa = PBXFileReference; lastKnownFileType = file.storyboard; name = Base; path = Base.lproj/LaunchScreen.storyboard; sourceTree = "<group>"; };
		CB6DCAE028C62A8500FBE37D /* Info.plist */ = {isa = PBXFileReference; lastKnownFileType = text.plist.xml; path = Info.plist; sourceTree = "<group>"; };
		CB6DCAE628C6309B00FBE37D /* Weather.swift */ = {isa = PBXFileReference; lastKnownFileType = sourcecode.swift; path = Weather.swift; sourceTree = "<group>"; };
		FE59BE6FBDFB2084BC402C62 /* Pods-WeatherAppProject.debug.xcconfig */ = {isa = PBXFileReference; includeInIndex = 1; lastKnownFileType = text.xcconfig; name = "Pods-WeatherAppProject.debug.xcconfig"; path = "Target Support Files/Pods-WeatherAppProject/Pods-WeatherAppProject.debug.xcconfig"; sourceTree = "<group>"; };
/* End PBXFileReference section */

/* Begin PBXFrameworksBuildPhase section */
		CB6DCACC28C62A8400FBE37D /* Frameworks */ = {
			isa = PBXFrameworksBuildPhase;
			buildActionMask = 2147483647;
			files = (
				B40BCF382EB6E538B54F9C99 /* libPods-WeatherAppProject.a in Frameworks */,
			);
			runOnlyForDeploymentPostprocessing = 0;
		};
/* End PBXFrameworksBuildPhase section */

/* Begin PBXGroup section */
		853AE279DBECD6A99134A8AA /* Frameworks */ = {
			isa = PBXGroup;
			children = (
				3124A41C32EFA6713E049923 /* libPods-WeatherAppProject.a */,
			);
			name = Frameworks;
			sourceTree = "<group>";
		};
		8C839EF7714FEBA19546C1EB /* Pods */ = {
			isa = PBXGroup;
			children = (
				FE59BE6FBDFB2084BC402C62 /* Pods-WeatherAppProject.debug.xcconfig */,
				BAE89B1F71C2A835E9F92821 /* Pods-WeatherAppProject.release.xcconfig */,
			);
			path = Pods;
			sourceTree = "<group>";
		};
		CB6DCAC628C62A8400FBE37D = {
			isa = PBXGroup;
			children = (
				CB6DCAD128C62A8400FBE37D /* WeatherAppProject */,
				CB6DCAD028C62A8400FBE37D /* Products */,
				8C839EF7714FEBA19546C1EB /* Pods */,
				853AE279DBECD6A99134A8AA /* Frameworks */,
			);
			sourceTree = "<group>";
		};
		CB6DCAD028C62A8400FBE37D /* Products */ = {
			isa = PBXGroup;
			children = (
				CB6DCACF28C62A8400FBE37D /* WeatherAppProject.app */,
			);
			name = Products;
			sourceTree = "<group>";
		};
		CB6DCAD128C62A8400FBE37D /* WeatherAppProject */ = {
			isa = PBXGroup;
			children = (
				CB6DCAE828C630CA00FBE37D /* Entities */,
				CB6DCAD228C62A8400FBE37D /* AppDelegate.swift */,
				CB6DCAD428C62A8400FBE37D /* SceneDelegate.swift */,
				0B9CA40C28D8259E006F6526 /* APIController.swift */,
				CB6DCAD628C62A8400FBE37D /* ViewController.swift */,
				CB6DCAD828C62A8400FBE37D /* Main.storyboard */,
				CB6DCADB28C62A8500FBE37D /* Assets.xcassets */,
				CB6DCADD28C62A8500FBE37D /* LaunchScreen.storyboard */,
				CB6DCAE028C62A8500FBE37D /* Info.plist */,
			);
			path = WeatherAppProject;
			sourceTree = "<group>";
		};
		CB6DCAE828C630CA00FBE37D /* Entities */ = {
			isa = PBXGroup;
			children = (
				CB6DCAE628C6309B00FBE37D /* Weather.swift */,
			);
			path = Entities;
			sourceTree = "<group>";
		};
/* End PBXGroup section */

/* Begin PBXNativeTarget section */
		CB6DCACE28C62A8400FBE37D /* WeatherAppProject */ = {
			isa = PBXNativeTarget;
			buildConfigurationList = CB6DCAE328C62A8500FBE37D /* Build configuration list for PBXNativeTarget "WeatherAppProject" */;
			buildPhases = (
				5881DD8AE21CC633981C91D9 /* [CP] Check Pods Manifest.lock */,
				CB6DCACB28C62A8400FBE37D /* Sources */,
				CB6DCACC28C62A8400FBE37D /* Frameworks */,
				CB6DCACD28C62A8400FBE37D /* Resources */,
			);
			buildRules = (
			);
			dependencies = (
			);
			name = WeatherAppProject;
			productName = WeatherAppProject;
			productReference = CB6DCACF28C62A8400FBE37D /* WeatherAppProject.app */;
			productType = "com.apple.product-type.application";
		};
/* End PBXNativeTarget section */

/* Begin PBXProject section */
		CB6DCAC728C62A8400FBE37D /* Project object */ = {
			isa = PBXProject;
			attributes = {
				BuildIndependentTargetsInParallel = 1;
				LastSwiftUpdateCheck = 1340;
				LastUpgradeCheck = 1340;
				TargetAttributes = {
					CB6DCACE28C62A8400FBE37D = {
						CreatedOnToolsVersion = 13.4.1;
					};
				};
			};
			buildConfigurationList = CB6DCACA28C62A8400FBE37D /* Build configuration list for PBXProject "WeatherAppProject" */;
			compatibilityVersion = "Xcode 13.0";
			developmentRegion = en;
			hasScannedForEncodings = 0;
			knownRegions = (
				en,
				Base,
			);
			mainGroup = CB6DCAC628C62A8400FBE37D;
			productRefGroup = CB6DCAD028C62A8400FBE37D /* Products */;
			projectDirPath = "";
			projectRoot = "";
			targets = (
				CB6DCACE28C62A8400FBE37D /* WeatherAppProject */,
			);
		};
/* End PBXProject section */

/* Begin PBXResourcesBuildPhase section */
		CB6DCACD28C62A8400FBE37D /* Resources */ = {
			isa = PBXResourcesBuildPhase;
			buildActionMask = 2147483647;
			files = (
				CB6DCADF28C62A8500FBE37D /* LaunchScreen.storyboard in Resources */,
				CB6DCADC28C62A8500FBE37D /* Assets.xcassets in Resources */,
				CB6DCADA28C62A8400FBE37D /* Main.storyboard in Resources */,
			);
			runOnlyForDeploymentPostprocessing = 0;
		};
/* End PBXResourcesBuildPhase section */

/* Begin PBXShellScriptBuildPhase section */
		5881DD8AE21CC633981C91D9 /* [CP] Check Pods Manifest.lock */ = {
			isa = PBXShellScriptBuildPhase;
			buildActionMask = 2147483647;
			files = (
			);
			inputFileListPaths = (
			);
			inputPaths = (
				"${PODS_PODFILE_DIR_PATH}/Podfile.lock",
				"${PODS_ROOT}/Manifest.lock",
			);
			name = "[CP] Check Pods Manifest.lock";
			outputFileListPaths = (
			);
			outputPaths = (
				"$(DERIVED_FILE_DIR)/Pods-WeatherAppProject-checkManifestLockResult.txt",
			);
			runOnlyForDeploymentPostprocessing = 0;
			shellPath = /bin/sh;
			shellScript = "diff \"${PODS_PODFILE_DIR_PATH}/Podfile.lock\" \"${PODS_ROOT}/Manifest.lock\" > /dev/null\nif [ $? != 0 ] ; then\n    # print error to STDERR\n    echo \"error: The sandbox is not in sync with the Podfile.lock. Run 'pod install' or update your CocoaPods installation.\" >&2\n    exit 1\nfi\n# This output is used by Xcode 'outputs' to avoid re-running this script phase.\necho \"SUCCESS\" > \"${SCRIPT_OUTPUT_FILE_0}\"\n";
			showEnvVarsInLog = 0;
		};
/* End PBXShellScriptBuildPhase section */

/* Begin PBXSourcesBuildPhase section */
		CB6DCACB28C62A8400FBE37D /* Sources */ = {
			isa = PBXSourcesBuildPhase;
			buildActionMask = 2147483647;
			files = (
				CB6DCAE728C6309B00FBE37D /* Weather.swift in Sources */,
				0B9CA40D28D8259E006F6526 /* APIController.swift in Sources */,
				CB6DCAD728C62A8400FBE37D /* ViewController.swift in Sources */,
				CB6DCAD328C62A8400FBE37D /* AppDelegate.swift in Sources */,
				CB6DCAD528C62A8400FBE37D /* SceneDelegate.swift in Sources */,
			);
			runOnlyForDeploymentPostprocessing = 0;
		};
/* End PBXSourcesBuildPhase section */

/* Begin PBXVariantGroup section */
		CB6DCAD828C62A8400FBE37D /* Main.storyboard */ = {
			isa = PBXVariantGroup;
			children = (
				CB6DCAD928C62A8400FBE37D /* Base */,
			);
			name = Main.storyboard;
			sourceTree = "<group>";
		};
		CB6DCADD28C62A8500FBE37D /* LaunchScreen.storyboard */ = {
			isa = PBXVariantGroup;
			children = (
				CB6DCADE28C62A8500FBE37D /* Base */,
			);
			name = LaunchScreen.storyboard;
			sourceTree = "<group>";
		};
/* End PBXVariantGroup section */

/* Begin XCBuildConfiguration section */
		CB6DCAE128C62A8500FBE37D /* Debug */ = {
			isa = XCBuildConfiguration;
			buildSettings = {
				ALWAYS_SEARCH_USER_PATHS = NO;
				CLANG_ANALYZER_NONNULL = YES;
				CLANG_ANALYZER_NUMBER_OBJECT_CONVERSION = YES_AGGRESSIVE;
				CLANG_CXX_LANGUAGE_STANDARD = "gnu++17";
				CLANG_ENABLE_MODULES = YES;
				CLANG_ENABLE_OBJC_ARC = YES;
				CLANG_ENABLE_OBJC_WEAK = YES;
				CLANG_WARN_BLOCK_CAPTURE_AUTORELEASING = YES;
				CLANG_WARN_BOOL_CONVERSION = YES;
				CLANG_WARN_COMMA = YES;
				CLANG_WARN_CONSTANT_CONVERSION = YES;
				CLANG_WARN_DEPRECATED_OBJC_IMPLEMENTATIONS = YES;
				CLANG_WARN_DIRECT_OBJC_ISA_USAGE = YES_ERROR;
				CLANG_WARN_DOCUMENTATION_COMMENTS = YES;
				CLANG_WARN_EMPTY_BODY = YES;
				CLANG_WARN_ENUM_CONVERSION = YES;
				CLANG_WARN_INFINITE_RECURSION = YES;
				CLANG_WARN_INT_CONVERSION = YES;
				CLANG_WARN_NON_LITERAL_NULL_CONVERSION = YES;
				CLANG_WARN_OBJC_IMPLICIT_RETAIN_SELF = YES;
				CLANG_WARN_OBJC_LITERAL_CONVERSION = YES;
				CLANG_WARN_OBJC_ROOT_CLASS = YES_ERROR;
				CLANG_WARN_QUOTED_INCLUDE_IN_FRAMEWORK_HEADER = YES;
				CLANG_WARN_RANGE_LOOP_ANALYSIS = YES;
				CLANG_WARN_STRICT_PROTOTYPES = YES;
				CLANG_WARN_SUSPICIOUS_MOVE = YES;
				CLANG_WARN_UNGUARDED_AVAILABILITY = YES_AGGRESSIVE;
				CLANG_WARN_UNREACHABLE_CODE = YES;
				CLANG_WARN__DUPLICATE_METHOD_MATCH = YES;
				COPY_PHASE_STRIP = NO;
				DEBUG_INFORMATION_FORMAT = dwarf;
				ENABLE_STRICT_OBJC_MSGSEND = YES;
				ENABLE_TESTABILITY = YES;
				GCC_C_LANGUAGE_STANDARD = gnu11;
				GCC_DYNAMIC_NO_PIC = NO;
				GCC_NO_COMMON_BLOCKS = YES;
				GCC_OPTIMIZATION_LEVEL = 0;
				GCC_PREPROCESSOR_DEFINITIONS = (
					"DEBUG=1",
					"$(inherited)",
				);
				GCC_WARN_64_TO_32_BIT_CONVERSION = YES;
				GCC_WARN_ABOUT_RETURN_TYPE = YES_ERROR;
				GCC_WARN_UNDECLARED_SELECTOR = YES;
				GCC_WARN_UNINITIALIZED_AUTOS = YES_AGGRESSIVE;
				GCC_WARN_UNUSED_FUNCTION = YES;
				GCC_WARN_UNUSED_VARIABLE = YES;
				IPHONEOS_DEPLOYMENT_TARGET = 15.5;
				MTL_ENABLE_DEBUG_INFO = INCLUDE_SOURCE;
				MTL_FAST_MATH = YES;
				ONLY_ACTIVE_ARCH = YES;
				SDKROOT = iphoneos;
				SWIFT_ACTIVE_COMPILATION_CONDITIONS = DEBUG;
				SWIFT_OPTIMIZATION_LEVEL = "-Onone";
			};
			name = Debug;
		};
		CB6DCAE228C62A8500FBE37D /* Release */ = {
			isa = XCBuildConfiguration;
			buildSettings = {
				ALWAYS_SEARCH_USER_PATHS = NO;
				CLANG_ANALYZER_NONNULL = YES;
				CLANG_ANALYZER_NUMBER_OBJECT_CONVERSION = YES_AGGRESSIVE;
				CLANG_CXX_LANGUAGE_STANDARD = "gnu++17";
				CLANG_ENABLE_MODULES = YES;
				CLANG_ENABLE_OBJC_ARC = YES;
				CLANG_ENABLE_OBJC_WEAK = YES;
				CLANG_WARN_BLOCK_CAPTURE_AUTORELEASING = YES;
				CLANG_WARN_BOOL_CONVERSION = YES;
				CLANG_WARN_COMMA = YES;
				CLANG_WARN_CONSTANT_CONVERSION = YES;
				CLANG_WARN_DEPRECATED_OBJC_IMPLEMENTATIONS = YES;
				CLANG_WARN_DIRECT_OBJC_ISA_USAGE = YES_ERROR;
				CLANG_WARN_DOCUMENTATION_COMMENTS = YES;
				CLANG_WARN_EMPTY_BODY = YES;
				CLANG_WARN_ENUM_CONVERSION = YES;
				CLANG_WARN_INFINITE_RECURSION = YES;
				CLANG_WARN_INT_CONVERSION = YES;
				CLANG_WARN_NON_LITERAL_NULL_CONVERSION = YES;
				CLANG_WARN_OBJC_IMPLICIT_RETAIN_SELF = YES;
				CLANG_WARN_OBJC_LITERAL_CONVERSION = YES;
				CLANG_WARN_OBJC_ROOT_CLASS = YES_ERROR;
				CLANG_WARN_QUOTED_INCLUDE_IN_FRAMEWORK_HEADER = YES;
				CLANG_WARN_RANGE_LOOP_ANALYSIS = YES;
				CLANG_WARN_STRICT_PROTOTYPES = YES;
				CLANG_WARN_SUSPICIOUS_MOVE = YES;
				CLANG_WARN_UNGUARDED_AVAILABILITY = YES_AGGRESSIVE;
				CLANG_WARN_UNREACHABLE_CODE = YES;
				CLANG_WARN__DUPLICATE_METHOD_MATCH = YES;
				COPY_PHASE_STRIP = NO;
				DEBUG_INFORMATION_FORMAT = "dwarf-with-dsym";
				ENABLE_NS_ASSERTIONS = NO;
				ENABLE_STRICT_OBJC_MSGSEND = YES;
				GCC_C_LANGUAGE_STANDARD = gnu11;
				GCC_NO_COMMON_BLOCKS = YES;
				GCC_WARN_64_TO_32_BIT_CONVERSION = YES;
				GCC_WARN_ABOUT_RETURN_TYPE = YES_ERROR;
				GCC_WARN_UNDECLARED_SELECTOR = YES;
				GCC_WARN_UNINITIALIZED_AUTOS = YES_AGGRESSIVE;
				GCC_WARN_UNUSED_FUNCTION = YES;
				GCC_WARN_UNUSED_VARIABLE = YES;
				IPHONEOS_DEPLOYMENT_TARGET = 15.5;
				MTL_ENABLE_DEBUG_INFO = NO;
				MTL_FAST_MATH = YES;
				SDKROOT = iphoneos;
				SWIFT_COMPILATION_MODE = wholemodule;
				SWIFT_OPTIMIZATION_LEVEL = "-O";
				VALIDATE_PRODUCT = YES;
			};
			name = Release;
		};
		CB6DCAE428C62A8500FBE37D /* Debug */ = {
			isa = XCBuildConfiguration;
			baseConfigurationReference = FE59BE6FBDFB2084BC402C62 /* Pods-WeatherAppProject.debug.xcconfig */;
			buildSettings = {
				ASSETCATALOG_COMPILER_APPICON_NAME = AppIcon;
				ASSETCATALOG_COMPILER_GLOBAL_ACCENT_COLOR_NAME = AccentColor;
				CODE_SIGN_STYLE = Automatic;
				CURRENT_PROJECT_VERSION = 1;
				GENERATE_INFOPLIST_FILE = YES;
				INFOPLIST_FILE = WeatherAppProject/Info.plist;
				INFOPLIST_KEY_UIApplicationSupportsIndirectInputEvents = YES;
				INFOPLIST_KEY_UILaunchStoryboardName = LaunchScreen;
				INFOPLIST_KEY_UIMainStoryboardFile = Main;
				INFOPLIST_KEY_UISupportedInterfaceOrientations_iPad = "UIInterfaceOrientationPortrait UIInterfaceOrientationPortraitUpsideDown UIInterfaceOrientationLandscapeLeft UIInterfaceOrientationLandscapeRight";
				INFOPLIST_KEY_UISupportedInterfaceOrientations_iPhone = "UIInterfaceOrientationPortrait UIInterfaceOrientationLandscapeLeft UIInterfaceOrientationLandscapeRight";
				IPHONEOS_DEPLOYMENT_TARGET = 15.2;
				LD_RUNPATH_SEARCH_PATHS = (
					"$(inherited)",
					"@executable_path/Frameworks",
				);
				MARKETING_VERSION = 1.0;
				PRODUCT_BUNDLE_IDENTIFIER = bong.com.WeatherAppProject;
				PRODUCT_NAME = "$(TARGET_NAME)";
				SWIFT_EMIT_LOC_STRINGS = YES;
				SWIFT_VERSION = 5.0;
				TARGETED_DEVICE_FAMILY = "1,2";
			};
			name = Debug;
		};
		CB6DCAE528C62A8500FBE37D /* Release */ = {
			isa = XCBuildConfiguration;
			baseConfigurationReference = BAE89B1F71C2A835E9F92821 /* Pods-WeatherAppProject.release.xcconfig */;
			buildSettings = {
				ASSETCATALOG_COMPILER_APPICON_NAME = AppIcon;
				ASSETCATALOG_COMPILER_GLOBAL_ACCENT_COLOR_NAME = AccentColor;
				CODE_SIGN_STYLE = Automatic;
				CURRENT_PROJECT_VERSION = 1;
				GENERATE_INFOPLIST_FILE = YES;
				INFOPLIST_FILE = WeatherAppProject/Info.plist;
				INFOPLIST_KEY_UIApplicationSupportsIndirectInputEvents = YES;
				INFOPLIST_KEY_UILaunchStoryboardName = LaunchScreen;
				INFOPLIST_KEY_UIMainStoryboardFile = Main;
				INFOPLIST_KEY_UISupportedInterfaceOrientations_iPad = "UIInterfaceOrientationPortrait UIInterfaceOrientationPortraitUpsideDown UIInterfaceOrientationLandscapeLeft UIInterfaceOrientationLandscapeRight";
				INFOPLIST_KEY_UISupportedInterfaceOrientations_iPhone = "UIInterfaceOrientationPortrait UIInterfaceOrientationLandscapeLeft UIInterfaceOrientationLandscapeRight";
				IPHONEOS_DEPLOYMENT_TARGET = 15.2;
				LD_RUNPATH_SEARCH_PATHS = (
					"$(inherited)",
					"@executable_path/Frameworks",
				);
				MARKETING_VERSION = 1.0;
				PRODUCT_BUNDLE_IDENTIFIER = bong.com.WeatherAppProject;
				PRODUCT_NAME = "$(TARGET_NAME)";
				SWIFT_EMIT_LOC_STRINGS = YES;
				SWIFT_VERSION = 5.0;
				TARGETED_DEVICE_FAMILY = "1,2";
			};
			name = Release;
		};
/* End XCBuildConfiguration section */

/* Begin XCConfigurationList section */
		CB6DCACA28C62A8400FBE37D /* Build configuration list for PBXProject "WeatherAppProject" */ = {
			isa = XCConfigurationList;
			buildConfigurations = (
				CB6DCAE128C62A8500FBE37D /* Debug */,
				CB6DCAE228C62A8500FBE37D /* Release */,
			);
			defaultConfigurationIsVisible = 0;
			defaultConfigurationName = Release;
		};
		CB6DCAE328C62A8500FBE37D /* Build configuration list for PBXNativeTarget "WeatherAppProject" */ = {
			isa = XCConfigurationList;
			buildConfigurations = (
				CB6DCAE428C62A8500FBE37D /* Debug */,
				CB6DCAE528C62A8500FBE37D /* Release */,
			);
			defaultConfigurationIsVisible = 0;
			defaultConfigurationName = Release;
		};
/* End XCConfigurationList section */
	};
	rootObject = CB6DCAC728C62A8400FBE37D /* Project object */;
}
